
Microsoft Visual Studio Solution File, Format Version 12.00
# Visual Studio 2013
VisualStudioVersion = 12.0.30501.0
MinimumVisualStudioVersion = 10.0.40219.1
Project("{FAE04EC0-301F-11D3-BF4B-00C04F79EFBC}") = "Cache", "Cache\Cache.csproj", "{E423F174-26FC-4D76-81E4-3DF00C6C08F5}"
EndProject
Project("{FAE04EC0-301F-11D3-BF4B-00C04F79EFBC}") = "Cache.Tests", "Cache.Tests\Cache.Tests.csproj", "{D61C3B66-D5AD-41A4-99DB-089E096EDC8B}"
EndProject
Global
	GlobalSection(SolutionConfigurationPlatforms) = preSolution
		Debug|Any CPU = Debug|Any CPU
		Release|Any CPU = Release|Any CPU
	EndGlobalSection
	GlobalSection(ProjectConfigurationPlatforms) = postSolution
		{E423F174-26FC-4D76-81E4-3DF00C6C08F5}.Debug|Any CPU.ActiveCfg = Debug|Any CPU
		{E423F174-26FC-4D76-81E4-3DF00C6C08F5}.Debug|Any CPU.Build.0 = Debug|Any CPU
		{E423F174-26FC-4D76-81E4-3DF00C6C08F5}.Release|Any CPU.ActiveCfg = Release|Any CPU
		{E423F174-26FC-4D76-81E4-3DF00C6C08F5}.Release|Any CPU.Build.0 = Release|Any CPU
		{D61C3B66-D5AD-41A4-99DB-089E096EDC8B}.Debug|Any CPU.ActiveCfg = Debug|Any CPU
		{D61C3B66-D5AD-41A4-99DB-089E096EDC8B}.Debug|Any CPU.Build.0 = Debug|Any CPU
		{D61C3B66-D5AD-41A4-99DB-089E096EDC8B}.Release|Any CPU.ActiveCfg = Release|Any CPU
		{D61C3B66-D5AD-41A4-99DB-089E096EDC8B}.Release|Any CPU.Build.0 = Release|Any CPU
	EndGlobalSection
	GlobalSection(SolutionProperties) = preSolution
		HideSolutionNode = FALSE
	EndGlobalSection
EndGlobal
